
Microsoft Visual Studio Solution File, Format Version 12.00
# Visual Studio Version 17
VisualStudioVersion = 17.9.34902.65
MinimumVisualStudioVersion = 10.0.40219.1
Project("{FAE04EC0-301F-11D3-BF4B-00C04F79EFBC}") = "WebAppWithController", "WebAppWithController\WebAppWithController.csproj", "{A2091401-7C81-4B94-BF65-62BD5418A185}"
EndProject
Global
	GlobalSection(SolutionConfigurationPlatforms) = preSolution
		Debug|Any CPU = Debug|Any CPU
		Release|Any CPU = Release|Any CPU
	EndGlobalSection
	GlobalSection(ProjectConfigurationPlatforms) = postSolution
		{A2091401-7C81-4B94-BF65-62BD5418A185}.Debug|Any CPU.ActiveCfg = Debug|Any CPU
		{A2091401-7C81-4B94-BF65-62BD5418A185}.Debug|Any CPU.Build.0 = Debug|Any CPU
		{A2091401-7C81-4B94-BF65-62BD5418A185}.Release|Any CPU.ActiveCfg = Release|Any CPU
		{A2091401-7C81-4B94-BF65-62BD5418A185}.Release|Any CPU.Build.0 = Release|Any CPU
	EndGlobalSection
	GlobalSection(SolutionProperties) = preSolution
		HideSolutionNode = FALSE
	EndGlobalSection
	GlobalSection(ExtensibilityGlobals) = postSolution
		SolutionGuid = {5FEB9AE2-EC68-491A-BB67-D5337DB21826}
	EndGlobalSection
EndGlobal
