
Microsoft Visual Studio Solution File, Format Version 12.00
# Visual Studio Version 17
VisualStudioVersion = 17.9.34902.65
MinimumVisualStudioVersion = 10.0.40219.1
Project("{9A19103F-16F7-4668-BE54-9A1E7A4F7556}") = "WebAppWithRazor", "WebAppWithRazor\WebAppWithRazor.csproj", "{83894978-F480-4CD3-902A-11D9223D7314}"
EndProject
Global
	GlobalSection(SolutionConfigurationPlatforms) = preSolution
		Debug|Any CPU = Debug|Any CPU
		Release|Any CPU = Release|Any CPU
	EndGlobalSection
	GlobalSection(ProjectConfigurationPlatforms) = postSolution
		{83894978-F480-4CD3-902A-11D9223D7314}.Debug|Any CPU.ActiveCfg = Debug|Any CPU
		{83894978-F480-4CD3-902A-11D9223D7314}.Debug|Any CPU.Build.0 = Debug|Any CPU
		{83894978-F480-4CD3-902A-11D9223D7314}.Release|Any CPU.ActiveCfg = Release|Any CPU
		{83894978-F480-4CD3-902A-11D9223D7314}.Release|Any CPU.Build.0 = Release|Any CPU
	EndGlobalSection
	GlobalSection(SolutionProperties) = preSolution
		HideSolutionNode = FALSE
	EndGlobalSection
	GlobalSection(ExtensibilityGlobals) = postSolution
		SolutionGuid = {2EBFE01E-C655-44CB-9233-C718A2BE8241}
	EndGlobalSection
EndGlobal
