
Microsoft Visual Studio Solution File, Format Version 12.00
# Visual Studio Version 17
VisualStudioVersion = 17.10.34916.146
MinimumVisualStudioVersion = 10.0.40219.1
Project("{FAE04EC0-301F-11D3-BF4B-00C04F79EFBC}") = "ReflectionDemoApp", "ReflectionDemoApp\ReflectionDemoApp.csproj", "{9EB087A7-D37B-48CD-A5B7-539A30FFB111}"
EndProject
Project("{FAE04EC0-301F-11D3-BF4B-00C04F79EFBC}") = "ReflectionEmitApp", "ReflectionEmitApp\ReflectionEmitApp.csproj", "{ED6D81BA-90FA-4AA7-BA61-0790EF26C404}"
EndProject
Global
	GlobalSection(SolutionConfigurationPlatforms) = preSolution
		Debug|Any CPU = Debug|Any CPU
		Release|Any CPU = Release|Any CPU
	EndGlobalSection
	GlobalSection(ProjectConfigurationPlatforms) = postSolution
		{9EB087A7-D37B-48CD-A5B7-539A30FFB111}.Debug|Any CPU.ActiveCfg = Debug|Any CPU
		{9EB087A7-D37B-48CD-A5B7-539A30FFB111}.Debug|Any CPU.Build.0 = Debug|Any CPU
		{9EB087A7-D37B-48CD-A5B7-539A30FFB111}.Release|Any CPU.ActiveCfg = Release|Any CPU
		{9EB087A7-D37B-48CD-A5B7-539A30FFB111}.Release|Any CPU.Build.0 = Release|Any CPU
		{ED6D81BA-90FA-4AA7-BA61-0790EF26C404}.Debug|Any CPU.ActiveCfg = Debug|Any CPU
		{ED6D81BA-90FA-4AA7-BA61-0790EF26C404}.Debug|Any CPU.Build.0 = Debug|Any CPU
		{ED6D81BA-90FA-4AA7-BA61-0790EF26C404}.Release|Any CPU.ActiveCfg = Release|Any CPU
		{ED6D81BA-90FA-4AA7-BA61-0790EF26C404}.Release|Any CPU.Build.0 = Release|Any CPU
	EndGlobalSection
	GlobalSection(SolutionProperties) = preSolution
		HideSolutionNode = FALSE
	EndGlobalSection
	GlobalSection(ExtensibilityGlobals) = postSolution
		SolutionGuid = {8C41F066-A45D-401B-B1C5-9B37CC100AAF}
	EndGlobalSection
EndGlobal
